
Microsoft Visual Studio Solution File, Format Version 12.00
# Visual Studio Version 16
VisualStudioVersion = 16.0.31402.337
MinimumVisualStudioVersion = 10.0.40219.1
Project("{FAE04EC0-301F-11D3-BF4B-00C04F79EFBC}") = "WorkingWithFiles7", "WorkingWithFiles7\WorkingWithFiles7.csproj", "{F3665E9A-F6CF-4114-8292-6A8746580008}"
EndProject
Global
	GlobalSection(SolutionConfigurationPlatforms) = preSolution
		Debug|Any CPU = Debug|Any CPU
		Release|Any CPU = Release|Any CPU
	EndGlobalSection
	GlobalSection(ProjectConfigurationPlatforms) = postSolution
		{F3665E9A-F6CF-4114-8292-6A8746580008}.Debug|Any CPU.ActiveCfg = Debug|Any CPU
		{F3665E9A-F6CF-4114-8292-6A8746580008}.Debug|Any CPU.Build.0 = Debug|Any CPU
		{F3665E9A-F6CF-4114-8292-6A8746580008}.Release|Any CPU.ActiveCfg = Release|Any CPU
		{F3665E9A-F6CF-4114-8292-6A8746580008}.Release|Any CPU.Build.0 = Release|Any CPU
	EndGlobalSection
	GlobalSection(SolutionProperties) = preSolution
		HideSolutionNode = FALSE
	EndGlobalSection
	GlobalSection(ExtensibilityGlobals) = postSolution
		SolutionGuid = {76361AB0-2A31-4894-A7DE-0A462305E099}
	EndGlobalSection
EndGlobal
